
Microsoft Visual Studio Solution File, Format Version 12.00
# Visual Studio 15
VisualStudioVersion = 15.0.27703.2042
MinimumVisualStudioVersion = 10.0.40219.1
Project("{FAE04EC0-301F-11D3-BF4B-00C04F79EFBC}") = "PythonInstaller_GUI", "PythonInstaller_GUI\PythonInstaller_GUI.csproj", "{EA8EC7D2-8162-4487-8FF0-30131717C80B}"
EndProject
Global
	GlobalSection(SolutionConfigurationPlatforms) = preSolution
		Debug|Any CPU = Debug|Any CPU
		Release|Any CPU = Release|Any CPU
	EndGlobalSection
	GlobalSection(ProjectConfigurationPlatforms) = postSolution
		{EA8EC7D2-8162-4487-8FF0-30131717C80B}.Debug|Any CPU.ActiveCfg = Debug|Any CPU
		{EA8EC7D2-8162-4487-8FF0-30131717C80B}.Debug|Any CPU.Build.0 = Debug|Any CPU
		{EA8EC7D2-8162-4487-8FF0-30131717C80B}.Release|Any CPU.ActiveCfg = Release|Any CPU
		{EA8EC7D2-8162-4487-8FF0-30131717C80B}.Release|Any CPU.Build.0 = Release|Any CPU
	EndGlobalSection
	GlobalSection(SolutionProperties) = preSolution
		HideSolutionNode = FALSE
	EndGlobalSection
	GlobalSection(ExtensibilityGlobals) = postSolution
		SolutionGuid = {73C6255F-5151-4C70-AC42-02F2EA120DBE}
	EndGlobalSection
EndGlobal
